dependencies:
- name: tx-data-provider
  repository: file://../tx-data-provider
  version: 0.5.0
- name: tx-data-provider
  repository: file://../tx-data-provider
  version: 0.5.0
- name: pgadmin4
  repository: https://helm.runix.net
  version: 1.25.3
- name: identity-and-trust-bundle
  repository: file://../identity-and-trust-bundle
  version: 1.1.3
- name: apisix
  repository: https://charts.apiseven.com
  version: 2.17.0
digest: sha256:a759db4dd700edc7ce704288d633b4661b5e59da25d635cfc1d82b39d3727e16
generated: "2026-09-27T16:25:28.532091404+09:00"
