dependencies:
- name: data-persistence-layer-bundle
  repository: file://../data-persistence-layer-bundle
  version: 1.0.0
- name: dataspace-connector-bundle
  repository: file://../dataspace-connector-bundle
  version: 1.3.0
digest: sha256:e1ef669498a647d6a48316db955bd6914368c94de04c518e21f6669107ec76d7
generated: "2026-09-26T09:23:27.900457545+09:00"
