dependencies:
- name: tractusx-connector
  repository: https://eclipse-tractusx.github.io/charts/dev
  version: 0.12.0
- name: postgresql
  repository: https://charts.bitnami.com/bitnami
  version: 15.2.1
- name: vault
  repository: https://helm.releases.hashicorp.com
  version: 0.27.0
digest: sha256:3000bd9e9177061d9990ff0d09751274c561eaae863b11d819d2ebb85fe7d4b0
generated: "2026-09-26T09:21:03.986059774+09:00"
